
Microsoft Visual Studio Solution File, Format Version 12.00
# Visual Studio Version 16
VisualStudioVersion = 16.0.29728.190
MinimumVisualStudioVersion = 10.0.40219.1
Project("{9A19103F-16F7-4668-BE54-9A1E7A4F7556}") = "AGIBANK-Desafio", "AGIBANK-Desafio\AGIBANK-Desafio.csproj", "{CA607C10-2E4C-4CE1-A90A-8D42B2680720}"
EndProject
Project("{FAE04EC0-301F-11D3-BF4B-00C04F79EFBC}") = "Domain", "Domain\Domain.csproj", "{8EE06995-23F8-48C7-99CA-0329E0985FA9}"
EndProject
Project("{FAE04EC0-301F-11D3-BF4B-00C04F79EFBC}") = "Domain.Test", "Domain.Test\Domain.Test.csproj", "{F1523074-36C2-407E-BA0C-1EF7FAA4A433}"
EndProject
Global
	GlobalSection(SolutionConfigurationPlatforms) = preSolution
		Debug|Any CPU = Debug|Any CPU
		Release|Any CPU = Release|Any CPU
	EndGlobalSection
	GlobalSection(ProjectConfigurationPlatforms) = postSolution
		{CA607C10-2E4C-4CE1-A90A-8D42B2680720}.Debug|Any CPU.ActiveCfg = Debug|Any CPU
		{CA607C10-2E4C-4CE1-A90A-8D42B2680720}.Debug|Any CPU.Build.0 = Debug|Any CPU
		{CA607C10-2E4C-4CE1-A90A-8D42B2680720}.Release|Any CPU.ActiveCfg = Release|Any CPU
		{CA607C10-2E4C-4CE1-A90A-8D42B2680720}.Release|Any CPU.Build.0 = Release|Any CPU
		{8EE06995-23F8-48C7-99CA-0329E0985FA9}.Debug|Any CPU.ActiveCfg = Debug|Any CPU
		{8EE06995-23F8-48C7-99CA-0329E0985FA9}.Debug|Any CPU.Build.0 = Debug|Any CPU
		{8EE06995-23F8-48C7-99CA-0329E0985FA9}.Release|Any CPU.ActiveCfg = Release|Any CPU
		{8EE06995-23F8-48C7-99CA-0329E0985FA9}.Release|Any CPU.Build.0 = Release|Any CPU
		{F1523074-36C2-407E-BA0C-1EF7FAA4A433}.Debug|Any CPU.ActiveCfg = Debug|Any CPU
		{F1523074-36C2-407E-BA0C-1EF7FAA4A433}.Debug|Any CPU.Build.0 = Debug|Any CPU
		{F1523074-36C2-407E-BA0C-1EF7FAA4A433}.Release|Any CPU.ActiveCfg = Release|Any CPU
		{F1523074-36C2-407E-BA0C-1EF7FAA4A433}.Release|Any CPU.Build.0 = Release|Any CPU
	EndGlobalSection
	GlobalSection(SolutionProperties) = preSolution
		HideSolutionNode = FALSE
	EndGlobalSection
	GlobalSection(ExtensibilityGlobals) = postSolution
		SolutionGuid = {1B8E8623-BF38-4C10-BEA4-D68082C49F71}
	EndGlobalSection
EndGlobal
